
Microsoft Visual Studio Solution File, Format Version 12.00
# Visual Studio 14
VisualStudioVersion = 14.0.25420.1
MinimumVisualStudioVersion = 10.0.40219.1
Project("{FAE04EC0-301F-11D3-BF4B-00C04F79EFBC}") = "CDatabase", "CDatabase\CDatabase.csproj", "{FF37DC25-F185-4DE9-BBB9-2EE731E22147}"
EndProject
Project("{FAE04EC0-301F-11D3-BF4B-00C04F79EFBC}") = "Test", "Test\Test.csproj", "{8B32584E-DFB6-4F71-A5E2-B3E7CD0F0979}"
EndProject
Global
	GlobalSection(SolutionConfigurationPlatforms) = preSolution
		Debug|Any CPU = Debug|Any CPU
		Debug|ARM = Debug|ARM
		Debug|x64 = Debug|x64
		Debug|x86 = Debug|x86
		Release|Any CPU = Release|Any CPU
		Release|ARM = Release|ARM
		Release|x64 = Release|x64
		Release|x86 = Release|x86
	EndGlobalSection
	GlobalSection(ProjectConfigurationPlatforms) = postSolution
		{FF37DC25-F185-4DE9-BBB9-2EE731E22147}.Debug|Any CPU.ActiveCfg = Debug|Any CPU
		{FF37DC25-F185-4DE9-BBB9-2EE731E22147}.Debug|Any CPU.Build.0 = Debug|Any CPU
		{FF37DC25-F185-4DE9-BBB9-2EE731E22147}.Debug|ARM.ActiveCfg = Debug|Any CPU
		{FF37DC25-F185-4DE9-BBB9-2EE731E22147}.Debug|ARM.Build.0 = Debug|Any CPU
		{FF37DC25-F185-4DE9-BBB9-2EE731E22147}.Debug|x64.ActiveCfg = Debug|Any CPU
		{FF37DC25-F185-4DE9-BBB9-2EE731E22147}.Debug|x64.Build.0 = Debug|Any CPU
		{FF37DC25-F185-4DE9-BBB9-2EE731E22147}.Debug|x86.ActiveCfg = Debug|Any CPU
		{FF37DC25-F185-4DE9-BBB9-2EE731E22147}.Debug|x86.Build.0 = Debug|Any CPU
		{FF37DC25-F185-4DE9-BBB9-2EE731E22147}.Release|Any CPU.ActiveCfg = Release|Any CPU
		{FF37DC25-F185-4DE9-BBB9-2EE731E22147}.Release|Any CPU.Build.0 = Release|Any CPU
		{FF37DC25-F185-4DE9-BBB9-2EE731E22147}.Release|ARM.ActiveCfg = Release|Any CPU
		{FF37DC25-F185-4DE9-BBB9-2EE731E22147}.Release|ARM.Build.0 = Release|Any CPU
		{FF37DC25-F185-4DE9-BBB9-2EE731E22147}.Release|x64.ActiveCfg = Release|Any CPU
		{FF37DC25-F185-4DE9-BBB9-2EE731E22147}.Release|x64.Build.0 = Release|Any CPU
		{FF37DC25-F185-4DE9-BBB9-2EE731E22147}.Release|x86.ActiveCfg = Release|Any CPU
		{FF37DC25-F185-4DE9-BBB9-2EE731E22147}.Release|x86.Build.0 = Release|Any CPU
		{8B32584E-DFB6-4F71-A5E2-B3E7CD0F0979}.Debug|Any CPU.ActiveCfg = Debug|Any CPU
		{8B32584E-DFB6-4F71-A5E2-B3E7CD0F0979}.Debug|Any CPU.Build.0 = Debug|Any CPU
		{8B32584E-DFB6-4F71-A5E2-B3E7CD0F0979}.Debug|ARM.ActiveCfg = Debug|Any CPU
		{8B32584E-DFB6-4F71-A5E2-B3E7CD0F0979}.Debug|ARM.Build.0 = Debug|Any CPU
		{8B32584E-DFB6-4F71-A5E2-B3E7CD0F0979}.Debug|x64.ActiveCfg = Debug|Any CPU
		{8B32584E-DFB6-4F71-A5E2-B3E7CD0F0979}.Debug|x64.Build.0 = Debug|Any CPU
		{8B32584E-DFB6-4F71-A5E2-B3E7CD0F0979}.Debug|x86.ActiveCfg = Debug|Any CPU
		{8B32584E-DFB6-4F71-A5E2-B3E7CD0F0979}.Debug|x86.Build.0 = Debug|Any CPU
		{8B32584E-DFB6-4F71-A5E2-B3E7CD0F0979}.Release|Any CPU.ActiveCfg = Release|Any CPU
		{8B32584E-DFB6-4F71-A5E2-B3E7CD0F0979}.Release|Any CPU.Build.0 = Release|Any CPU
		{8B32584E-DFB6-4F71-A5E2-B3E7CD0F0979}.Release|ARM.ActiveCfg = Release|Any CPU
		{8B32584E-DFB6-4F71-A5E2-B3E7CD0F0979}.Release|ARM.Build.0 = Release|Any CPU
		{8B32584E-DFB6-4F71-A5E2-B3E7CD0F0979}.Release|x64.ActiveCfg = Release|Any CPU
		{8B32584E-DFB6-4F71-A5E2-B3E7CD0F0979}.Release|x64.Build.0 = Release|Any CPU
		{8B32584E-DFB6-4F71-A5E2-B3E7CD0F0979}.Release|x86.ActiveCfg = Release|Any CPU
		{8B32584E-DFB6-4F71-A5E2-B3E7CD0F0979}.Release|x86.Build.0 = Release|Any CPU
	EndGlobalSection
	GlobalSection(SolutionProperties) = preSolution
		HideSolutionNode = FALSE
	EndGlobalSection
EndGlobal
